// !$*UTF8*$!
{
	archiveVersion = 1;
	classes = {
	};
	objectVersion = 63;
	objects = {

/* Begin PBXBuildFile section */
		02BFF4B79462803F80E6F6C7 /* SleepChartPoint.swift in Sources */ = {isa = PBXBuildFile; fileRef = 3A1D144D13045D163472557D /* SleepChartPoint.swift */; };
		072C31A47E55AAF0F57C4205 /* SleepDashboardView.swift in Sources */ = {isa = PBXBuildFile; fileRef = AC787B726C617AFEA020ECBE /* SleepDashboardView.swift */; };
		0E468652E79494586D1ECE2A /* AppRootView.swift in Sources */ = {isa = PBXBuildFile; fileRef = 5E6B7478D7BF362F624E5719 /* AppRootView.swift */; };
		10D193CF16447D220DECF095 /* MockSleepData.swift in Sources */ = {isa = PBXBuildFile; fileRef = AD8C81117A3269261D1F10DE /* MockSleepData.swift */; };
		118D5736B51D06E47BBBE823 /* KeychainItem.swift in Sources */ = {isa = PBXBuildFile; fileRef = 32B54D9F8593F005A355E6E1 /* KeychainItem.swift */; };
		1578079D906F1CD83FCD9A36 /* SleepStagesOverlayChartView.swift in Sources */ = {isa = PBXBuildFile; fileRef = 428CEA0CCFCAB50D125DC085 /* SleepStagesOverlayChartView.swift */; };
		17477E19A4578F1266A59E3C /* SleepIndicatorCategory.swift in Sources */ = {isa = PBXBuildFile; fileRef = 5A3A624E8A79D856D8CC1E8D /* SleepIndicatorCategory.swift */; };
		19A42737CCD146B1E0157E4F /* CloudKitService.swift in Sources */ = {isa = PBXBuildFile; fileRef = 3686CA7D06F4336A60B5C2FD /* CloudKitService.swift */; };
		1A1042374E052B02ADF6DEC9 /* FamilyMemberDashboardView.swift in Sources */ = {isa = PBXBuildFile; fileRef = 3B0BEA375C89E5F2BE91D408 /* FamilyMemberDashboardView.swift */; };
		1A9B46588C95F8AB1A209A6F /* AuthService.swift in Sources */ = {isa = PBXBuildFile; fileRef = 8BDA9CEDC6CFF22673A43A1C /* AuthService.swift */; };
		1C177E758637A90BB3133A69 /* FamilyMemberRowView.swift in Sources */ = {isa = PBXBuildFile; fileRef = 8786ABA5F00FF07C456D21DE /* FamilyMemberRowView.swift */; };
		1C7A447AADDCDA76E59AE7E0 /* Color+Score.swift in Sources */ = {isa = PBXBuildFile; fileRef = F5720957FC44A822DEBC8BBD /* Color+Score.swift */; };
		1DBFE9117DD50FA7E1A8FB18 /* SleepIndicatorSource.swift in Sources */ = {isa = PBXBuildFile; fileRef = 22846CD8609FA32480F396FB /* SleepIndicatorSource.swift */; };
		216268CB43B6158AD2405230 /* SleepInsight.swift in Sources */ = {isa = PBXBuildFile; fileRef = 4F971C4BCD77CC257004F026 /* SleepInsight.swift */; };
		230453A43002C83B3556E02A /* AccountView.swift in Sources */ = {isa = PBXBuildFile; fileRef = E0BAFB1AD9FD4D275B72D666 /* AccountView.swift */; };
		25C169A238433C9C7A405B5A /* SleepIndicator.swift in Sources */ = {isa = PBXBuildFile; fileRef = B915CE8D651628EEEB852088 /* SleepIndicator.swift */; };
		274BE9892F2938981078E029 /* Assets.xcassets in Resources */ = {isa = PBXBuildFile; fileRef = 8CD9720D94C51F97181A3785 /* Assets.xcassets */; };
		2A33AA50129D67BEDEF1AF82 /* DesignSystem.swift in Sources */ = {isa = PBXBuildFile; fileRef = 749076135E0B100943197CAD /* DesignSystem.swift */; };
		4350D1A85FE384B034A4475C /* ScoreHeroView.swift in Sources */ = {isa = PBXBuildFile; fileRef = 01E410F7AAE8FD210F8B333E /* ScoreHeroView.swift */; };
		4E3D57802C83F3D10688F3AC /* SettingsDestination.swift in Sources */ = {isa = PBXBuildFile; fileRef = 33FC2B39B2A9FFFA285DC022 /* SettingsDestination.swift */; };
		4E83AF1F6C0BE6B5F084C390 /* Date+StartOfDay.swift in Sources */ = {isa = PBXBuildFile; fileRef = 4D3D13426CC3E44970A750B2 /* Date+StartOfDay.swift */; };
		510055C0E60B4C48C7D9404E /* ScoreBreakdownView.swift in Sources */ = {isa = PBXBuildFile; fileRef = E60F5D19B3226C53F21DA7B6 /* ScoreBreakdownView.swift */; };
		5336EA77D86BD8128C625AA5 /* NSPredicate+Sendable.swift in Sources */ = {isa = PBXBuildFile; fileRef = 1B6F51DC6FFCBCE514D6F88A /* NSPredicate+Sendable.swift */; };
		5A35B2A944951A464AF4B614 /* SleepSignalSample.swift in Sources */ = {isa = PBXBuildFile; fileRef = 2D009BBC7675B26224E50C31 /* SleepSignalSample.swift */; };
		61124ADB718171AB46C29128 /* SleepStageLegendView.swift in Sources */ = {isa = PBXBuildFile; fileRef = 56B3FE6C53F100B59E955793 /* SleepStageLegendView.swift */; };
		6179C16D52A62DD76CC14C6D /* SleepScoreTrendRange.swift in Sources */ = {isa = PBXBuildFile; fileRef = 4D936F22E9B33FC890C51A69 /* SleepScoreTrendRange.swift */; };
		64670EB9A6543C0201E1744E /* FamilyMember.swift in Sources */ = {isa = PBXBuildFile; fileRef = 8FD74966116A4D0F1A85F206 /* FamilyMember.swift */; };
		6CBB0FE160A8B7742A7113DF /* AuthenticationServices.framework in Frameworks */ = {isa = PBXBuildFile; fileRef = 78645C83E18BC9A05C9CD504 /* AuthenticationServices.framework */; };
		6D4BDA6CF0A46BF1BFCE099F /* SleepChartSeries.swift in Sources */ = {isa = PBXBuildFile; fileRef = BD6CE4A711F16D7EC215D648 /* SleepChartSeries.swift */; };
		6EB4C8873FD2E3D69626F266 /* HealthAuthorizationState.swift in Sources */ = {isa = PBXBuildFile; fileRef = 4B7BDF3D679F7B9496309A4A /* HealthAuthorizationState.swift */; };
		704DF13D32D4457B128A238E /* SleepSignalType.swift in Sources */ = {isa = PBXBuildFile; fileRef = 3914CA082CAEE7790154BD2C /* SleepSignalType.swift */; };
		7404F41AB7022E185A48460E /* HealthConnectionRowView.swift in Sources */ = {isa = PBXBuildFile; fileRef = FB04AEE5F02D9F277FF72AE0 /* HealthConnectionRowView.swift */; };
		8507165522265C2298BC607C /* SleepStageChartView.swift in Sources */ = {isa = PBXBuildFile; fileRef = 02ED4BD0D3D8F8DF90BB60F4 /* SleepStageChartView.swift */; };
		85E4DD7A53ABEEFAD52E7876 /* SleepScoreTrendPoint.swift in Sources */ = {isa = PBXBuildFile; fileRef = 297E1610D921142845C42E46 /* SleepScoreTrendPoint.swift */; };
		87029D1663D4D71CD273D1C1 /* SleepScoreSummary.swift in Sources */ = {isa = PBXBuildFile; fileRef = 4F2769727A732D8A68CE01AE /* SleepScoreSummary.swift */; };
		87A50845097B43D1E002D4E4 /* AppDelegate.swift in Sources */ = {isa = PBXBuildFile; fileRef = 2FF745D31EC7847A59907848 /* AppDelegate.swift */; };
		8CE4F3A40EB63D4E2C807F31 /* CloudKit.framework in Frameworks */ = {isa = PBXBuildFile; fileRef = C332281F5D2548006EE4875F /* CloudKit.framework */; };
		944D8BEA4F49C062026D6878 /* ScoreTrendsSectionView.swift in Sources */ = {isa = PBXBuildFile; fileRef = 2D0BF1116D4BFCF6D68A88CE /* ScoreTrendsSectionView.swift */; };
		9629C2A7D0EBBBDACE361BED /* MockHealthKitClient.swift in Sources */ = {isa = PBXBuildFile; fileRef = 5D72564EAD49F47258E4B56B /* MockHealthKitClient.swift */; };
		962CA5557B9AD028FF738D9C /* SleepScoreEngine.swift in Sources */ = {isa = PBXBuildFile; fileRef = 9F77DCEEE7A4C1018EAA00B2 /* SleepScoreEngine.swift */; };
		9B00ECC1D470AEF2CF64F817 /* SleepStageSample.swift in Sources */ = {isa = PBXBuildFile; fileRef = FBEB0AE316AF9D015ED37561 /* SleepStageSample.swift */; };
		9F56EC090DAB6C607EB23135 /* MetricBreakdownView.swift in Sources */ = {isa = PBXBuildFile; fileRef = 7D1C1BAB065C9810674F9E76 /* MetricBreakdownView.swift */; };
		A005CB50A272FCAFEE52C843 /* HealthKitClient.swift in Sources */ = {isa = PBXBuildFile; fileRef = CC0DFB4616F9B90768099BDD /* HealthKitClient.swift */; };
		A5A40DB7201278FFCCDE2CDB /* FamilyFeedView.swift in Sources */ = {isa = PBXBuildFile; fileRef = E58AB51073F3E1A408737619 /* FamilyFeedView.swift */; };
		A9CF1742761DF17AD41C828A /* AppContainer.swift in Sources */ = {isa = PBXBuildFile; fileRef = 263D00C1D4FA9142A01573C2 /* AppContainer.swift */; };
		AC789AEC9C132959FFB22944 /* HealthKit.framework in Frameworks */ = {isa = PBXBuildFile; fileRef = 97A23EF9AF36225E44BC6F5E /* HealthKit.framework */; };
		AE6C7263BFC18D517B321DA4 /* SettingsViewModel.swift in Sources */ = {isa = PBXBuildFile; fileRef = 0998A5B022DE0E3B35BA5745 /* SettingsViewModel.swift */; };
		AFB7538AF5D3F46022E2D7D7 /* DopplerStripeView.swift in Sources */ = {isa = PBXBuildFile; fileRef = F1DF06D15A443D5C07C933D5 /* DopplerStripeView.swift */; };
		BD0EBD7E2097200A75686975 /* DailySleepScore.swift in Sources */ = {isa = PBXBuildFile; fileRef = 14B87C6A1304A329996FB056 /* DailySleepScore.swift */; };
		BFD6B086303A538F1AA96346 /* SleepDataAggregator.swift in Sources */ = {isa = PBXBuildFile; fileRef = E8FC625601AD8E142789A45A /* SleepDataAggregator.swift */; };
		C092CB7B3F4507729E55F351 /* HealthAccessFullScreenView.swift in Sources */ = {isa = PBXBuildFile; fileRef = 31260ECD210A48EAAC4477BA /* HealthAccessFullScreenView.swift */; };
		C80223AD29B13F3355105412 /* DashboardViewModel.swift in Sources */ = {isa = PBXBuildFile; fileRef = E64099BD55001FABC9488399 /* DashboardViewModel.swift */; };
		C97A6F31AFAAFCFD67754A00 /* SleepStage.swift in Sources */ = {isa = PBXBuildFile; fileRef = 9DD500F9A1F934A8F0505CCD /* SleepStage.swift */; };
		CE5AAF6870B9C87B277734ED /* SleepScoreWeights.swift in Sources */ = {isa = PBXBuildFile; fileRef = 95CD03A81E3ECE339E1D00BF /* SleepScoreWeights.swift */; };
		D1417F182013D99ACDBBBB97 /* SignInView.swift in Sources */ = {isa = PBXBuildFile; fileRef = 6970CF4E7A866B73B7948B29 /* SignInView.swift */; };
		D2CFC55D0AC3851660B87F99 /* SleepSignalReading.swift in Sources */ = {isa = PBXBuildFile; fileRef = 556A1471B27C09B2CCD4DBF9 /* SleepSignalReading.swift */; };
		D88531F1FEAE6DBCD5768F20 /* SignalOverlayChartView.swift in Sources */ = {isa = PBXBuildFile; fileRef = 286056DD7A153ABA9A613BC8 /* SignalOverlayChartView.swift */; };
		E20F30C0BC78B8430CADF2DC /* SleepScoreEngineTests.swift in Sources */ = {isa = PBXBuildFile; fileRef = 4B8E63173E63ED2B36D0DF07 /* SleepScoreEngineTests.swift */; };
		E2FF77710250CB8B1AE18A7C /* MetricProfiles.swift in Sources */ = {isa = PBXBuildFile; fileRef = 7C45927DB747AB48BE8B68B4 /* MetricProfiles.swift */; };
		BB11223344556677889900BB /* MetricDefinition.swift in Sources */ = {isa = PBXBuildFile; fileRef = AA11223344556677889900AA /* MetricDefinition.swift */; };
		BB11223344556677889900DD /* MetricStats.swift in Sources */ = {isa = PBXBuildFile; fileRef = AA11223344556677889900CC /* MetricStats.swift */; };
		BB11223344556677889900FF /* MetricDetailSheet.swift in Sources */ = {isa = PBXBuildFile; fileRef = AA11223344556677889900EE /* MetricDetailSheet.swift */; };
		E3901DADA81D1E9642CC2F4F /* LocalStore.swift in Sources */ = {isa = PBXBuildFile; fileRef = 9DA7B090374DFCA980C193D8 /* LocalStore.swift */; };
		E53D51EC1BE4186F129261C3 /* FamilyFeedViewModel.swift in Sources */ = {isa = PBXBuildFile; fileRef = DE8A6BAAB15BE1E42BBDC05B /* FamilyFeedViewModel.swift */; };
		F02243E16E778E5302072B1B /* SleepInsightImpact.swift in Sources */ = {isa = PBXBuildFile; fileRef = 4CAF86945DB5CAE0340CA5D7 /* SleepInsightImpact.swift */; };
		F26A5118AC4F133D6CCC1374 /* SettingsView.swift in Sources */ = {isa = PBXBuildFile; fileRef = 37265AD53A2FA08E7398B710 /* SettingsView.swift */; };
		F3D918715EA14AA63C5C740C /* Charts.framework in Frameworks */ = {isa = PBXBuildFile; fileRef = 2BDD5B56583514E3C10DC2B5 /* Charts.framework */; };
		F69722A4DFA99DFB84104037 /* SleepTuneApp.swift in Sources */ = {isa = PBXBuildFile; fileRef = FC23E760633D27AE99B4CBE4 /* SleepTuneApp.swift */; };
/* End PBXBuildFile section */

/* Begin PBXContainerItemProxy section */
		FCAE7DEB4070760F63526A7E /* PBXContainerItemProxy */ = {
			isa = PBXContainerItemProxy;
			containerPortal = CC01A07E15AA2F6E3DADE917 /* Project object */;
			proxyType = 1;
			remoteGlobalIDString = EED1DA841029F662CD89CFE6;
			remoteInfo = SleepTune;
		};
/* End PBXContainerItemProxy section */

/* Begin PBXFileReference section */
		01E410F7AAE8FD210F8B333E /* ScoreHeroView.swift */ = {isa = PBXFileReference; lastKnownFileType = sourcecode.swift; path = ScoreHeroView.swift; sourceTree = "<group>"; };
		02ED4BD0D3D8F8DF90BB60F4 /* SleepStageChartView.swift */ = {isa = PBXFileReference; lastKnownFileType = sourcecode.swift; path = SleepStageChartView.swift; sourceTree = "<group>"; };
		0998A5B022DE0E3B35BA5745 /* SettingsViewModel.swift */ = {isa = PBXFileReference; lastKnownFileType = sourcecode.swift; path = SettingsViewModel.swift; sourceTree = "<group>"; };
		0E5F76E07D9EEC5B2F64A6A3 /* SleepTuneTests.xctest */ = {isa = PBXFileReference; includeInIndex = 0; lastKnownFileType = wrapper.cfbundle; path = SleepTuneTests.xctest; sourceTree = BUILT_PRODUCTS_DIR; };
		14B87C6A1304A329996FB056 /* DailySleepScore.swift */ = {isa = PBXFileReference; lastKnownFileType = sourcecode.swift; path = DailySleepScore.swift; sourceTree = "<group>"; };
		1B6F51DC6FFCBCE514D6F88A /* NSPredicate+Sendable.swift */ = {isa = PBXFileReference; lastKnownFileType = sourcecode.swift; path = "NSPredicate+Sendable.swift"; sourceTree = "<group>"; };
		22846CD8609FA32480F396FB /* SleepIndicatorSource.swift */ = {isa = PBXFileReference; lastKnownFileType = sourcecode.swift; path = SleepIndicatorSource.swift; sourceTree = "<group>"; };
		263D00C1D4FA9142A01573C2 /* AppContainer.swift */ = {isa = PBXFileReference; lastKnownFileType = sourcecode.swift; path = AppContainer.swift; sourceTree = "<group>"; };
		286056DD7A153ABA9A613BC8 /* SignalOverlayChartView.swift */ = {isa = PBXFileReference; lastKnownFileType = sourcecode.swift; path = SignalOverlayChartView.swift; sourceTree = "<group>"; };
		297E1610D921142845C42E46 /* SleepScoreTrendPoint.swift */ = {isa = PBXFileReference; lastKnownFileType = sourcecode.swift; path = SleepScoreTrendPoint.swift; sourceTree = "<group>"; };
		2BDD5B56583514E3C10DC2B5 /* Charts.framework */ = {isa = PBXFileReference; lastKnownFileType = wrapper.framework; name = Charts.framework; path = System/Library/Frameworks/Charts.framework; sourceTree = SDKROOT; };
		2D009BBC7675B26224E50C31 /* SleepSignalSample.swift */ = {isa = PBXFileReference; lastKnownFileType = sourcecode.swift; path = SleepSignalSample.swift; sourceTree = "<group>"; };
		2D0BF1116D4BFCF6D68A88CE /* ScoreTrendsSectionView.swift */ = {isa = PBXFileReference; lastKnownFileType = sourcecode.swift; path = ScoreTrendsSectionView.swift; sourceTree = "<group>"; };
		2FF745D31EC7847A59907848 /* AppDelegate.swift */ = {isa = PBXFileReference; lastKnownFileType = sourcecode.swift; path = AppDelegate.swift; sourceTree = "<group>"; };
		31260ECD210A48EAAC4477BA /* HealthAccessFullScreenView.swift */ = {isa = PBXFileReference; lastKnownFileType = sourcecode.swift; path = HealthAccessFullScreenView.swift; sourceTree = "<group>"; };
		32B54D9F8593F005A355E6E1 /* KeychainItem.swift */ = {isa = PBXFileReference; lastKnownFileType = sourcecode.swift; path = KeychainItem.swift; sourceTree = "<group>"; };
		33FC2B39B2A9FFFA285DC022 /* SettingsDestination.swift */ = {isa = PBXFileReference; lastKnownFileType = sourcecode.swift; path = SettingsDestination.swift; sourceTree = "<group>"; };
		3686CA7D06F4336A60B5C2FD /* CloudKitService.swift */ = {isa = PBXFileReference; lastKnownFileType = sourcecode.swift; path = CloudKitService.swift; sourceTree = "<group>"; };
		37265AD53A2FA08E7398B710 /* SettingsView.swift */ = {isa = PBXFileReference; lastKnownFileType = sourcecode.swift; path = SettingsView.swift; sourceTree = "<group>"; };
		3914CA082CAEE7790154BD2C /* SleepSignalType.swift */ = {isa = PBXFileReference; lastKnownFileType = sourcecode.swift; path = SleepSignalType.swift; sourceTree = "<group>"; };
		3A1D144D13045D163472557D /* SleepChartPoint.swift */ = {isa = PBXFileReference; lastKnownFileType = sourcecode.swift; path = SleepChartPoint.swift; sourceTree = "<group>"; };
		3B0BEA375C89E5F2BE91D408 /* FamilyMemberDashboardView.swift */ = {isa = PBXFileReference; lastKnownFileType = sourcecode.swift; path = FamilyMemberDashboardView.swift; sourceTree = "<group>"; };
		428CEA0CCFCAB50D125DC085 /* SleepStagesOverlayChartView.swift */ = {isa = PBXFileReference; lastKnownFileType = sourcecode.swift; path = SleepStagesOverlayChartView.swift; sourceTree = "<group>"; };
		4B7BDF3D679F7B9496309A4A /* HealthAuthorizationState.swift */ = {isa = PBXFileReference; lastKnownFileType = sourcecode.swift; path = HealthAuthorizationState.swift; sourceTree = "<group>"; };
		4B8E63173E63ED2B36D0DF07 /* SleepScoreEngineTests.swift */ = {isa = PBXFileReference; lastKnownFileType = sourcecode.swift; path = SleepScoreEngineTests.swift; sourceTree = "<group>"; };
		4CAF86945DB5CAE0340CA5D7 /* SleepInsightImpact.swift */ = {isa = PBXFileReference; lastKnownFileType = sourcecode.swift; path = SleepInsightImpact.swift; sourceTree = "<group>"; };
		4D3D13426CC3E44970A750B2 /* Date+StartOfDay.swift */ = {isa = PBXFileReference; lastKnownFileType = sourcecode.swift; path = "Date+StartOfDay.swift"; sourceTree = "<group>"; };
		4D936F22E9B33FC890C51A69 /* SleepScoreTrendRange.swift */ = {isa = PBXFileReference; lastKnownFileType = sourcecode.swift; path = SleepScoreTrendRange.swift; sourceTree = "<group>"; };
		4F2769727A732D8A68CE01AE /* SleepScoreSummary.swift */ = {isa = PBXFileReference; lastKnownFileType = sourcecode.swift; path = SleepScoreSummary.swift; sourceTree = "<group>"; };
		4F971C4BCD77CC257004F026 /* SleepInsight.swift */ = {isa = PBXFileReference; lastKnownFileType = sourcecode.swift; path = SleepInsight.swift; sourceTree = "<group>"; };
		556A1471B27C09B2CCD4DBF9 /* SleepSignalReading.swift */ = {isa = PBXFileReference; lastKnownFileType = sourcecode.swift; path = SleepSignalReading.swift; sourceTree = "<group>"; };
		56B3FE6C53F100B59E955793 /* SleepStageLegendView.swift */ = {isa = PBXFileReference; lastKnownFileType = sourcecode.swift; path = SleepStageLegendView.swift; sourceTree = "<group>"; };
		5A3A624E8A79D856D8CC1E8D /* SleepIndicatorCategory.swift */ = {isa = PBXFileReference; lastKnownFileType = sourcecode.swift; path = SleepIndicatorCategory.swift; sourceTree = "<group>"; };
		5D72564EAD49F47258E4B56B /* MockHealthKitClient.swift */ = {isa = PBXFileReference; lastKnownFileType = sourcecode.swift; path = MockHealthKitClient.swift; sourceTree = "<group>"; };
		5E6B7478D7BF362F624E5719 /* AppRootView.swift */ = {isa = PBXFileReference; lastKnownFileType = sourcecode.swift; path = AppRootView.swift; sourceTree = "<group>"; };
		6970CF4E7A866B73B7948B29 /* SignInView.swift */ = {isa = PBXFileReference; lastKnownFileType = sourcecode.swift; path = SignInView.swift; sourceTree = "<group>"; };
		743EDC63B61B3A40FB87B8B0 /* Info.plist */ = {isa = PBXFileReference; lastKnownFileType = text.plist; path = Info.plist; sourceTree = "<group>"; };
		749076135E0B100943197CAD /* DesignSystem.swift */ = {isa = PBXFileReference; lastKnownFileType = sourcecode.swift; path = DesignSystem.swift; sourceTree = "<group>"; };
		78645C83E18BC9A05C9CD504 /* AuthenticationServices.framework */ = {isa = PBXFileReference; lastKnownFileType = wrapper.framework; name = AuthenticationServices.framework; path = System/Library/Frameworks/AuthenticationServices.framework; sourceTree = SDKROOT; };
		7C45927DB747AB48BE8B68B4 /* MetricProfiles.swift */ = {isa = PBXFileReference; lastKnownFileType = sourcecode.swift; path = MetricProfiles.swift; sourceTree = "<group>"; };
		7D1C1BAB065C9810674F9E76 /* MetricBreakdownView.swift */ = {isa = PBXFileReference; lastKnownFileType = sourcecode.swift; path = MetricBreakdownView.swift; sourceTree = "<group>"; };
		AA11223344556677889900AA /* MetricDefinition.swift */ = {isa = PBXFileReference; lastKnownFileType = sourcecode.swift; path = MetricDefinition.swift; sourceTree = "<group>"; };
		AA11223344556677889900CC /* MetricStats.swift */ = {isa = PBXFileReference; lastKnownFileType = sourcecode.swift; path = MetricStats.swift; sourceTree = "<group>"; };
		AA11223344556677889900EE /* MetricDetailSheet.swift */ = {isa = PBXFileReference; lastKnownFileType = sourcecode.swift; path = MetricDetailSheet.swift; sourceTree = "<group>"; };
		8786ABA5F00FF07C456D21DE /* FamilyMemberRowView.swift */ = {isa = PBXFileReference; lastKnownFileType = sourcecode.swift; path = FamilyMemberRowView.swift; sourceTree = "<group>"; };
		8BDA9CEDC6CFF22673A43A1C /* AuthService.swift */ = {isa = PBXFileReference; lastKnownFileType = sourcecode.swift; path = AuthService.swift; sourceTree = "<group>"; };
		8CD9720D94C51F97181A3785 /* Assets.xcassets */ = {isa = PBXFileReference; lastKnownFileType = folder.assetcatalog; path = Assets.xcassets; sourceTree = "<group>"; };
		8FD74966116A4D0F1A85F206 /* FamilyMember.swift */ = {isa = PBXFileReference; lastKnownFileType = sourcecode.swift; path = FamilyMember.swift; sourceTree = "<group>"; };
		95CD03A81E3ECE339E1D00BF /* SleepScoreWeights.swift */ = {isa = PBXFileReference; lastKnownFileType = sourcecode.swift; path = SleepScoreWeights.swift; sourceTree = "<group>"; };
		97A23EF9AF36225E44BC6F5E /* HealthKit.framework */ = {isa = PBXFileReference; lastKnownFileType = wrapper.framework; name = HealthKit.framework; path = System/Library/Frameworks/HealthKit.framework; sourceTree = SDKROOT; };
		9DA7B090374DFCA980C193D8 /* LocalStore.swift */ = {isa = PBXFileReference; lastKnownFileType = sourcecode.swift; path = LocalStore.swift; sourceTree = "<group>"; };
		9DD500F9A1F934A8F0505CCD /* SleepStage.swift */ = {isa = PBXFileReference; lastKnownFileType = sourcecode.swift; path = SleepStage.swift; sourceTree = "<group>"; };
		9F77DCEEE7A4C1018EAA00B2 /* SleepScoreEngine.swift */ = {isa = PBXFileReference; lastKnownFileType = sourcecode.swift; path = SleepScoreEngine.swift; sourceTree = "<group>"; };
		A44F49BD45CED823FA3662BC /* Info.plist */ = {isa = PBXFileReference; lastKnownFileType = text.plist; path = Info.plist; sourceTree = "<group>"; };
		AC787B726C617AFEA020ECBE /* SleepDashboardView.swift */ = {isa = PBXFileReference; lastKnownFileType = sourcecode.swift; path = SleepDashboardView.swift; sourceTree = "<group>"; };
		AD8C81117A3269261D1F10DE /* MockSleepData.swift */ = {isa = PBXFileReference; lastKnownFileType = sourcecode.swift; path = MockSleepData.swift; sourceTree = "<group>"; };
		B915CE8D651628EEEB852088 /* SleepIndicator.swift */ = {isa = PBXFileReference; lastKnownFileType = sourcecode.swift; path = SleepIndicator.swift; sourceTree = "<group>"; };
		BD6CE4A711F16D7EC215D648 /* SleepChartSeries.swift */ = {isa = PBXFileReference; lastKnownFileType = sourcecode.swift; path = SleepChartSeries.swift; sourceTree = "<group>"; };
		C332281F5D2548006EE4875F /* CloudKit.framework */ = {isa = PBXFileReference; lastKnownFileType = wrapper.framework; name = CloudKit.framework; path = System/Library/Frameworks/CloudKit.framework; sourceTree = SDKROOT; };
		CAED741DDAFB7E00B985982F /* SleepTune.entitlements */ = {isa = PBXFileReference; lastKnownFileType = text.plist.entitlements; path = SleepTune.entitlements; sourceTree = "<group>"; };
		CC0DFB4616F9B90768099BDD /* HealthKitClient.swift */ = {isa = PBXFileReference; lastKnownFileType = sourcecode.swift; path = HealthKitClient.swift; sourceTree = "<group>"; };
		D15E97DD8536AEBB6E0F0B74 /* SleepTune.app */ = {isa = PBXFileReference; explicitFileType = wrapper.application; includeInIndex = 0; path = SleepTune.app; sourceTree = BUILT_PRODUCTS_DIR; };
		DE8A6BAAB15BE1E42BBDC05B /* FamilyFeedViewModel.swift */ = {isa = PBXFileReference; lastKnownFileType = sourcecode.swift; path = FamilyFeedViewModel.swift; sourceTree = "<group>"; };
		E0BAFB1AD9FD4D275B72D666 /* AccountView.swift */ = {isa = PBXFileReference; lastKnownFileType = sourcecode.swift; path = AccountView.swift; sourceTree = "<group>"; };
		E58AB51073F3E1A408737619 /* FamilyFeedView.swift */ = {isa = PBXFileReference; lastKnownFileType = sourcecode.swift; path = FamilyFeedView.swift; sourceTree = "<group>"; };
		E60F5D19B3226C53F21DA7B6 /* ScoreBreakdownView.swift */ = {isa = PBXFileReference; lastKnownFileType = sourcecode.swift; path = ScoreBreakdownView.swift; sourceTree = "<group>"; };
		E64099BD55001FABC9488399 /* DashboardViewModel.swift */ = {isa = PBXFileReference; lastKnownFileType = sourcecode.swift; path = DashboardViewModel.swift; sourceTree = "<group>"; };
		E8FC625601AD8E142789A45A /* SleepDataAggregator.swift */ = {isa = PBXFileReference; lastKnownFileType = sourcecode.swift; path = SleepDataAggregator.swift; sourceTree = "<group>"; };
		F1DF06D15A443D5C07C933D5 /* DopplerStripeView.swift */ = {isa = PBXFileReference; lastKnownFileType = sourcecode.swift; path = DopplerStripeView.swift; sourceTree = "<group>"; };
		F5720957FC44A822DEBC8BBD /* Color+Score.swift */ = {isa = PBXFileReference; lastKnownFileType = sourcecode.swift; path = "Color+Score.swift"; sourceTree = "<group>"; };
		FB04AEE5F02D9F277FF72AE0 /* HealthConnectionRowView.swift */ = {isa = PBXFileReference; lastKnownFileType = sourcecode.swift; path = HealthConnectionRowView.swift; sourceTree = "<group>"; };
		FBEB0AE316AF9D015ED37561 /* SleepStageSample.swift */ = {isa = PBXFileReference; lastKnownFileType = sourcecode.swift; path = SleepStageSample.swift; sourceTree = "<group>"; };
		FC23E760633D27AE99B4CBE4 /* SleepTuneApp.swift */ = {isa = PBXFileReference; lastKnownFileType = sourcecode.swift; path = SleepTuneApp.swift; sourceTree = "<group>"; };
/* End PBXFileReference section */

/* Begin PBXFrameworksBuildPhase section */
		C40EFD4092675D4703F478E4 /* Frameworks */ = {
			isa = PBXFrameworksBuildPhase;
			buildActionMask = 2147483647;
			files = (
				AC789AEC9C132959FFB22944 /* HealthKit.framework in Frameworks */,
				F3D918715EA14AA63C5C740C /* Charts.framework in Frameworks */,
				8CE4F3A40EB63D4E2C807F31 /* CloudKit.framework in Frameworks */,
				6CBB0FE160A8B7742A7113DF /* AuthenticationServices.framework in Frameworks */,
			);
			runOnlyForDeploymentPostprocessing = 0;
		};
/* End PBXFrameworksBuildPhase section */

/* Begin PBXGroup section */
		0F11F8F6FC8EC0864A28600A /* Frameworks */ = {
			isa = PBXGroup;
			children = (
				78645C83E18BC9A05C9CD504 /* AuthenticationServices.framework */,
				2BDD5B56583514E3C10DC2B5 /* Charts.framework */,
				C332281F5D2548006EE4875F /* CloudKit.framework */,
				97A23EF9AF36225E44BC6F5E /* HealthKit.framework */,
			);
			name = Frameworks;
			sourceTree = "<group>";
		};
		131C89773AEDD6E5F2C7245C /* Models */ = {
			isa = PBXGroup;
			children = (
				4B7BDF3D679F7B9496309A4A /* HealthAuthorizationState.swift */,
				3A1D144D13045D163472557D /* SleepChartPoint.swift */,
				BD6CE4A711F16D7EC215D648 /* SleepChartSeries.swift */,
				B915CE8D651628EEEB852088 /* SleepIndicator.swift */,
				5A3A624E8A79D856D8CC1E8D /* SleepIndicatorCategory.swift */,
				22846CD8609FA32480F396FB /* SleepIndicatorSource.swift */,
				4F971C4BCD77CC257004F026 /* SleepInsight.swift */,
				4CAF86945DB5CAE0340CA5D7 /* SleepInsightImpact.swift */,
				4F2769727A732D8A68CE01AE /* SleepScoreSummary.swift */,
				297E1610D921142845C42E46 /* SleepScoreTrendPoint.swift */,
				4D936F22E9B33FC890C51A69 /* SleepScoreTrendRange.swift */,
				556A1471B27C09B2CCD4DBF9 /* SleepSignalReading.swift */,
				2D009BBC7675B26224E50C31 /* SleepSignalSample.swift */,
				3914CA082CAEE7790154BD2C /* SleepSignalType.swift */,
				9DD500F9A1F934A8F0505CCD /* SleepStage.swift */,
				FBEB0AE316AF9D015ED37561 /* SleepStageSample.swift */,
				AA11223344556677889900CC /* MetricStats.swift */,
				C490D7C3EB243B21BD99EC48 /* Family */,
			);
			path = Models;
			sourceTree = "<group>";
		};
		17CC56DB94A3802A5F96B175 /* CloudKit */ = {
			isa = PBXGroup;
			children = (
				3686CA7D06F4336A60B5C2FD /* CloudKitService.swift */,
			);
			path = CloudKit;
			sourceTree = "<group>";
		};
		27248C29C9B9C2281081584E /* SleepTune */ = {
			isa = PBXGroup;
			children = (
				403E7C8677EB3DA345C7BE21 /* App */,
				3ACB1695D36A3E6D67DC855D /* Debug */,
				7F23F4E1B98AEB6AB41D74A5 /* Extensions */,
				47DAE422777DC1D580F160F4 /* Features */,
				131C89773AEDD6E5F2C7245C /* Models */,
				B279BDDE871FE96F6413919A /* Services */,
				E03BE9C58E12C5439EF27278 /* Utilities */,
			);
			path = SleepTune;
			sourceTree = "<group>";
		};
		28764B9B3D00218D6BF2DE73 /* Settings */ = {
			isa = PBXGroup;
			children = (
				FB04AEE5F02D9F277FF72AE0 /* HealthConnectionRowView.swift */,
				37265AD53A2FA08E7398B710 /* SettingsView.swift */,
				0998A5B022DE0E3B35BA5745 /* SettingsViewModel.swift */,
			);
			path = Settings;
			sourceTree = "<group>";
		};
		301A33B14224C79A673369CA /* Family */ = {
			isa = PBXGroup;
			children = (
				E58AB51073F3E1A408737619 /* FamilyFeedView.swift */,
				DE8A6BAAB15BE1E42BBDC05B /* FamilyFeedViewModel.swift */,
				3B0BEA375C89E5F2BE91D408 /* FamilyMemberDashboardView.swift */,
				8786ABA5F00FF07C456D21DE /* FamilyMemberRowView.swift */,
			);
			path = Family;
			sourceTree = "<group>";
		};
		3ACB1695D36A3E6D67DC855D /* Debug */ = {
			isa = PBXGroup;
			children = (
				5D72564EAD49F47258E4B56B /* MockHealthKitClient.swift */,
				AD8C81117A3269261D1F10DE /* MockSleepData.swift */,
			);
			path = Debug;
			sourceTree = "<group>";
		};
		403E7C8677EB3DA345C7BE21 /* App */ = {
			isa = PBXGroup;
			children = (
				263D00C1D4FA9142A01573C2 /* AppContainer.swift */,
				2FF745D31EC7847A59907848 /* AppDelegate.swift */,
				5E6B7478D7BF362F624E5719 /* AppRootView.swift */,
				8CD9720D94C51F97181A3785 /* Assets.xcassets */,
				A44F49BD45CED823FA3662BC /* Info.plist */,
				33FC2B39B2A9FFFA285DC022 /* SettingsDestination.swift */,
				CAED741DDAFB7E00B985982F /* SleepTune.entitlements */,
				FC23E760633D27AE99B4CBE4 /* SleepTuneApp.swift */,
			);
			path = App;
			sourceTree = "<group>";
		};
		46E6706105B3813015D84AFF = {
			isa = PBXGroup;
			children = (
				27248C29C9B9C2281081584E /* SleepTune */,
				CD291F50BE4CB28EF8E5E9D9 /* Tests */,
				0F11F8F6FC8EC0864A28600A /* Frameworks */,
				4A0396491B12C12DA064F662 /* Products */,
			);
			sourceTree = "<group>";
		};
		47DAE422777DC1D580F160F4 /* Features */ = {
			isa = PBXGroup;
			children = (
				9C5DE9E6E911BFEF6AF6E192 /* Auth */,
				DFC7662F721CFAFEDFD26E2F /* Dashboard */,
				301A33B14224C79A673369CA /* Family */,
				28764B9B3D00218D6BF2DE73 /* Settings */,
			);
			path = Features;
			sourceTree = "<group>";
		};
		4A0396491B12C12DA064F662 /* Products */ = {
			isa = PBXGroup;
			children = (
				D15E97DD8536AEBB6E0F0B74 /* SleepTune.app */,
				0E5F76E07D9EEC5B2F64A6A3 /* SleepTuneTests.xctest */,
			);
			name = Products;
			sourceTree = "<group>";
		};
		4A08AE93BCB28ACD44F0E595 /* HealthKit */ = {
			isa = PBXGroup;
			children = (
				CC0DFB4616F9B90768099BDD /* HealthKitClient.swift */,
				E8FC625601AD8E142789A45A /* SleepDataAggregator.swift */,
			);
			path = HealthKit;
			sourceTree = "<group>";
		};
		7F23F4E1B98AEB6AB41D74A5 /* Extensions */ = {
			isa = PBXGroup;
			children = (
				1B6F51DC6FFCBCE514D6F88A /* NSPredicate+Sendable.swift */,
			);
			path = Extensions;
			sourceTree = "<group>";
		};
		9667B9C34018BF47DF19011E /* Scoring */ = {
			isa = PBXGroup;
			children = (
				AA11223344556677889900AA /* MetricDefinition.swift */,
				7C45927DB747AB48BE8B68B4 /* MetricProfiles.swift */,
				9F77DCEEE7A4C1018EAA00B2 /* SleepScoreEngine.swift */,
				95CD03A81E3ECE339E1D00BF /* SleepScoreWeights.swift */,
			);
			path = Scoring;
			sourceTree = "<group>";
		};
		9C5DE9E6E911BFEF6AF6E192 /* Auth */ = {
			isa = PBXGroup;
			children = (
				E0BAFB1AD9FD4D275B72D666 /* AccountView.swift */,
				6970CF4E7A866B73B7948B29 /* SignInView.swift */,
			);
			path = Auth;
			sourceTree = "<group>";
		};
		A6D8EE862578717C20F98A76 /* Auth */ = {
			isa = PBXGroup;
			children = (
				8BDA9CEDC6CFF22673A43A1C /* AuthService.swift */,
				32B54D9F8593F005A355E6E1 /* KeychainItem.swift */,
			);
			path = Auth;
			sourceTree = "<group>";
		};
		A73B75D79D0E69E6FDD54A8A /* Storage */ = {
			isa = PBXGroup;
			children = (
				9DA7B090374DFCA980C193D8 /* LocalStore.swift */,
			);
			path = Storage;
			sourceTree = "<group>";
		};
		B279BDDE871FE96F6413919A /* Services */ = {
			isa = PBXGroup;
			children = (
				A6D8EE862578717C20F98A76 /* Auth */,
				17CC56DB94A3802A5F96B175 /* CloudKit */,
				4A08AE93BCB28ACD44F0E595 /* HealthKit */,
				9667B9C34018BF47DF19011E /* Scoring */,
				A73B75D79D0E69E6FDD54A8A /* Storage */,
			);
			path = Services;
			sourceTree = "<group>";
		};
		C490D7C3EB243B21BD99EC48 /* Family */ = {
			isa = PBXGroup;
			children = (
				14B87C6A1304A329996FB056 /* DailySleepScore.swift */,
				8FD74966116A4D0F1A85F206 /* FamilyMember.swift */,
			);
			path = Family;
			sourceTree = "<group>";
		};
		CD291F50BE4CB28EF8E5E9D9 /* Tests */ = {
			isa = PBXGroup;
			children = (
				743EDC63B61B3A40FB87B8B0 /* Info.plist */,
				4B8E63173E63ED2B36D0DF07 /* SleepScoreEngineTests.swift */,
			);
			name = Tests;
			path = SleepTune/Tests;
			sourceTree = "<group>";
		};
		DFC7662F721CFAFEDFD26E2F /* Dashboard */ = {
			isa = PBXGroup;
			children = (
				E64099BD55001FABC9488399 /* DashboardViewModel.swift */,
				F1DF06D15A443D5C07C933D5 /* DopplerStripeView.swift */,
				31260ECD210A48EAAC4477BA /* HealthAccessFullScreenView.swift */,
				7D1C1BAB065C9810674F9E76 /* MetricBreakdownView.swift */,
				AA11223344556677889900EE /* MetricDetailSheet.swift */,
				E60F5D19B3226C53F21DA7B6 /* ScoreBreakdownView.swift */,
				01E410F7AAE8FD210F8B333E /* ScoreHeroView.swift */,
				2D0BF1116D4BFCF6D68A88CE /* ScoreTrendsSectionView.swift */,
				286056DD7A153ABA9A613BC8 /* SignalOverlayChartView.swift */,
				AC787B726C617AFEA020ECBE /* SleepDashboardView.swift */,
				02ED4BD0D3D8F8DF90BB60F4 /* SleepStageChartView.swift */,
				56B3FE6C53F100B59E955793 /* SleepStageLegendView.swift */,
				428CEA0CCFCAB50D125DC085 /* SleepStagesOverlayChartView.swift */,
			);
			path = Dashboard;
			sourceTree = "<group>";
		};
		E03BE9C58E12C5439EF27278 /* Utilities */ = {
			isa = PBXGroup;
			children = (
				F5720957FC44A822DEBC8BBD /* Color+Score.swift */,
				4D3D13426CC3E44970A750B2 /* Date+StartOfDay.swift */,
				749076135E0B100943197CAD /* DesignSystem.swift */,
			);
			path = Utilities;
			sourceTree = "<group>";
		};
/* End PBXGroup section */

/* Begin PBXNativeTarget section */
		32B85101CE3E807A79306BF9 /* SleepTuneTests */ = {
			isa = PBXNativeTarget;
			buildConfigurationList = B7932BD3A7663FDF92FC5C0F /* Build configuration list for PBXNativeTarget "SleepTuneTests" */;
			buildPhases = (
				BF5FE7914555214AC917C7C0 /* Sources */,
			);
			buildRules = (
			);
			dependencies = (
				3416D28986FF571B39D03ECE /* PBXTargetDependency */,
			);
			name = SleepTuneTests;
			packageProductDependencies = (
			);
			productName = SleepTuneTests;
			productReference = 0E5F76E07D9EEC5B2F64A6A3 /* SleepTuneTests.xctest */;
			productType = "com.apple.product-type.bundle.unit-test";
		};
		EED1DA841029F662CD89CFE6 /* SleepTune */ = {
			isa = PBXNativeTarget;
			buildConfigurationList = 24444F5434A0119A2EEFB9D9 /* Build configuration list for PBXNativeTarget "SleepTune" */;
			buildPhases = (
				F7FCFA9523D22DE52C495BDF /* Sources */,
				C040EEF70225EF2C49DB2203 /* Resources */,
				C40EFD4092675D4703F478E4 /* Frameworks */,
			);
			buildRules = (
			);
			dependencies = (
			);
			name = SleepTune;
			packageProductDependencies = (
			);
			productName = SleepTune;
			productReference = D15E97DD8536AEBB6E0F0B74 /* SleepTune.app */;
			productType = "com.apple.product-type.application";
		};
/* End PBXNativeTarget section */

/* Begin PBXProject section */
		CC01A07E15AA2F6E3DADE917 /* Project object */ = {
			isa = PBXProject;
			attributes = {
				BuildIndependentTargetsInParallel = YES;
				LastUpgradeCheck = 1600;
				TargetAttributes = {
					32B85101CE3E807A79306BF9 = {
						DevelopmentTeam = "";
						ProvisioningStyle = Automatic;
					};
					EED1DA841029F662CD89CFE6 = {
						ProvisioningStyle = Automatic;
					};
				};
			};
			buildConfigurationList = 06366C091153EEEE38AD188D /* Build configuration list for PBXProject "SleepTune" */;
			compatibilityVersion = "Xcode 14.0";
			developmentRegion = en;
			hasScannedForEncodings = 0;
			knownRegions = (
				Base,
				en,
			);
			mainGroup = 46E6706105B3813015D84AFF;
			minimizedProjectReferenceProxies = 1;
			projectDirPath = "";
			projectRoot = "";
			targets = (
				EED1DA841029F662CD89CFE6 /* SleepTune */,
				32B85101CE3E807A79306BF9 /* SleepTuneTests */,
			);
		};
/* End PBXProject section */

/* Begin PBXResourcesBuildPhase section */
		C040EEF70225EF2C49DB2203 /* Resources */ = {
			isa = PBXResourcesBuildPhase;
			buildActionMask = 2147483647;
			files = (
				274BE9892F2938981078E029 /* Assets.xcassets in Resources */,
			);
			runOnlyForDeploymentPostprocessing = 0;
		};
/* End PBXResourcesBuildPhase section */

/* Begin PBXSourcesBuildPhase section */
		BF5FE7914555214AC917C7C0 /* Sources */ = {
			isa = PBXSourcesBuildPhase;
			buildActionMask = 2147483647;
			files = (
				E20F30C0BC78B8430CADF2DC /* SleepScoreEngineTests.swift in Sources */,
			);
			runOnlyForDeploymentPostprocessing = 0;
		};
		F7FCFA9523D22DE52C495BDF /* Sources */ = {
			isa = PBXSourcesBuildPhase;
			buildActionMask = 2147483647;
			files = (
				230453A43002C83B3556E02A /* AccountView.swift in Sources */,
				A9CF1742761DF17AD41C828A /* AppContainer.swift in Sources */,
				87A50845097B43D1E002D4E4 /* AppDelegate.swift in Sources */,
				0E468652E79494586D1ECE2A /* AppRootView.swift in Sources */,
				1A9B46588C95F8AB1A209A6F /* AuthService.swift in Sources */,
				19A42737CCD146B1E0157E4F /* CloudKitService.swift in Sources */,
				1C7A447AADDCDA76E59AE7E0 /* Color+Score.swift in Sources */,
				BD0EBD7E2097200A75686975 /* DailySleepScore.swift in Sources */,
				C80223AD29B13F3355105412 /* DashboardViewModel.swift in Sources */,
				4E83AF1F6C0BE6B5F084C390 /* Date+StartOfDay.swift in Sources */,
				2A33AA50129D67BEDEF1AF82 /* DesignSystem.swift in Sources */,
				AFB7538AF5D3F46022E2D7D7 /* DopplerStripeView.swift in Sources */,
				A5A40DB7201278FFCCDE2CDB /* FamilyFeedView.swift in Sources */,
				E53D51EC1BE4186F129261C3 /* FamilyFeedViewModel.swift in Sources */,
				64670EB9A6543C0201E1744E /* FamilyMember.swift in Sources */,
				1A1042374E052B02ADF6DEC9 /* FamilyMemberDashboardView.swift in Sources */,
				1C177E758637A90BB3133A69 /* FamilyMemberRowView.swift in Sources */,
				C092CB7B3F4507729E55F351 /* HealthAccessFullScreenView.swift in Sources */,
				6EB4C8873FD2E3D69626F266 /* HealthAuthorizationState.swift in Sources */,
				7404F41AB7022E185A48460E /* HealthConnectionRowView.swift in Sources */,
				A005CB50A272FCAFEE52C843 /* HealthKitClient.swift in Sources */,
				118D5736B51D06E47BBBE823 /* KeychainItem.swift in Sources */,
				E3901DADA81D1E9642CC2F4F /* LocalStore.swift in Sources */,
				9F56EC090DAB6C607EB23135 /* MetricBreakdownView.swift in Sources */,
				BB11223344556677889900FF /* MetricDetailSheet.swift in Sources */,
				BB11223344556677889900BB /* MetricDefinition.swift in Sources */,
				BB11223344556677889900DD /* MetricStats.swift in Sources */,
				E2FF77710250CB8B1AE18A7C /* MetricProfiles.swift in Sources */,
				9629C2A7D0EBBBDACE361BED /* MockHealthKitClient.swift in Sources */,
				10D193CF16447D220DECF095 /* MockSleepData.swift in Sources */,
				5336EA77D86BD8128C625AA5 /* NSPredicate+Sendable.swift in Sources */,
				510055C0E60B4C48C7D9404E /* ScoreBreakdownView.swift in Sources */,
				4350D1A85FE384B034A4475C /* ScoreHeroView.swift in Sources */,
				944D8BEA4F49C062026D6878 /* ScoreTrendsSectionView.swift in Sources */,
				4E3D57802C83F3D10688F3AC /* SettingsDestination.swift in Sources */,
				F26A5118AC4F133D6CCC1374 /* SettingsView.swift in Sources */,
				AE6C7263BFC18D517B321DA4 /* SettingsViewModel.swift in Sources */,
				D1417F182013D99ACDBBBB97 /* SignInView.swift in Sources */,
				D88531F1FEAE6DBCD5768F20 /* SignalOverlayChartView.swift in Sources */,
				02BFF4B79462803F80E6F6C7 /* SleepChartPoint.swift in Sources */,
				6D4BDA6CF0A46BF1BFCE099F /* SleepChartSeries.swift in Sources */,
				072C31A47E55AAF0F57C4205 /* SleepDashboardView.swift in Sources */,
				BFD6B086303A538F1AA96346 /* SleepDataAggregator.swift in Sources */,
				25C169A238433C9C7A405B5A /* SleepIndicator.swift in Sources */,
				17477E19A4578F1266A59E3C /* SleepIndicatorCategory.swift in Sources */,
				1DBFE9117DD50FA7E1A8FB18 /* SleepIndicatorSource.swift in Sources */,
				216268CB43B6158AD2405230 /* SleepInsight.swift in Sources */,
				F02243E16E778E5302072B1B /* SleepInsightImpact.swift in Sources */,
				962CA5557B9AD028FF738D9C /* SleepScoreEngine.swift in Sources */,
				87029D1663D4D71CD273D1C1 /* SleepScoreSummary.swift in Sources */,
				85E4DD7A53ABEEFAD52E7876 /* SleepScoreTrendPoint.swift in Sources */,
				6179C16D52A62DD76CC14C6D /* SleepScoreTrendRange.swift in Sources */,
				CE5AAF6870B9C87B277734ED /* SleepScoreWeights.swift in Sources */,
				D2CFC55D0AC3851660B87F99 /* SleepSignalReading.swift in Sources */,
				5A35B2A944951A464AF4B614 /* SleepSignalSample.swift in Sources */,
				704DF13D32D4457B128A238E /* SleepSignalType.swift in Sources */,
				C97A6F31AFAAFCFD67754A00 /* SleepStage.swift in Sources */,
				8507165522265C2298BC607C /* SleepStageChartView.swift in Sources */,
				61124ADB718171AB46C29128 /* SleepStageLegendView.swift in Sources */,
				9B00ECC1D470AEF2CF64F817 /* SleepStageSample.swift in Sources */,
				1578079D906F1CD83FCD9A36 /* SleepStagesOverlayChartView.swift in Sources */,
				F69722A4DFA99DFB84104037 /* SleepTuneApp.swift in Sources */,
			);
			runOnlyForDeploymentPostprocessing = 0;
		};
/* End PBXSourcesBuildPhase section */

/* Begin PBXTargetDependency section */
		3416D28986FF571B39D03ECE /* PBXTargetDependency */ = {
			isa = PBXTargetDependency;
			target = EED1DA841029F662CD89CFE6 /* SleepTune */;
			targetProxy = FCAE7DEB4070760F63526A7E /* PBXContainerItemProxy */;
		};
/* End PBXTargetDependency section */

/* Begin XCBuildConfiguration section */
		1B74FAC9A3BD91AAB56B1220 /* Release */ = {
			isa = XCBuildConfiguration;
			buildSettings = {
				BUNDLE_LOADER = "$(TEST_HOST)";
				INFOPLIST_FILE = SleepTune/Tests/Info.plist;
				LD_RUNPATH_SEARCH_PATHS = (
					"$(inherited)",
					"@executable_path/Frameworks",
					"@loader_path/Frameworks",
				);
				SDKROOT = iphoneos;
				TARGETED_DEVICE_FAMILY = "1,2";
				TEST_HOST = "$(BUILT_PRODUCTS_DIR)/SleepTune.app/SleepTune";
			};
			name = Release;
		};
		402CD1877E6DAC9E6DF1E282 /* Debug */ = {
			isa = XCBuildConfiguration;
			buildSettings = {
				BUNDLE_LOADER = "$(TEST_HOST)";
				INFOPLIST_FILE = SleepTune/Tests/Info.plist;
				LD_RUNPATH_SEARCH_PATHS = (
					"$(inherited)",
					"@executable_path/Frameworks",
					"@loader_path/Frameworks",
				);
				SDKROOT = iphoneos;
				TARGETED_DEVICE_FAMILY = "1,2";
				TEST_HOST = "$(BUILT_PRODUCTS_DIR)/SleepTune.app/SleepTune";
			};
			name = Debug;
		};
		4294025933434753D7B73C39 /* Release */ = {
			isa = XCBuildConfiguration;
			buildSettings = {
				ASSETCATALOG_COMPILER_APPICON_NAME = AppIcon;
				CODE_SIGN_ENTITLEMENTS = SleepTune/App/SleepTune.entitlements;
				CODE_SIGN_IDENTITY = "iPhone Developer";
				DEVELOPMENT_TEAM = JL39GTJ62X;
				ENABLE_USER_SCRIPT_SANDBOXING = YES;
				INFOPLIST_FILE = SleepTune/App/Info.plist;
				LD_RUNPATH_SEARCH_PATHS = (
					"$(inherited)",
					"@executable_path/Frameworks",
				);
				SDKROOT = iphoneos;
				TARGETED_DEVICE_FAMILY = "1,2";
			};
			name = Release;
		};
		42DF0EA14E00E7D802E8F362 /* Debug */ = {
			isa = XCBuildConfiguration;
			buildSettings = {
				ASSETCATALOG_COMPILER_APPICON_NAME = AppIcon;
				CODE_SIGN_ENTITLEMENTS = SleepTune/App/SleepTune.entitlements;
				CODE_SIGN_IDENTITY = "iPhone Developer";
				DEVELOPMENT_TEAM = JL39GTJ62X;
				ENABLE_USER_SCRIPT_SANDBOXING = YES;
				INFOPLIST_FILE = SleepTune/App/Info.plist;
				LD_RUNPATH_SEARCH_PATHS = (
					"$(inherited)",
					"@executable_path/Frameworks",
				);
				SDKROOT = iphoneos;
				TARGETED_DEVICE_FAMILY = "1,2";
			};
			name = Debug;
		};
		A5025D44248B7EFD02F00755 /* Release */ = {
			isa = XCBuildConfiguration;
			buildSettings = {
				ALWAYS_SEARCH_USER_PATHS = NO;
				CLANG_ANALYZER_NONNULL = YES;
				CLANG_ANALYZER_NUMBER_OBJECT_CONVERSION = YES_AGGRESSIVE;
				CLANG_CXX_LANGUAGE_STANDARD = "gnu++14";
				CLANG_CXX_LIBRARY = "libc++";
				CLANG_ENABLE_MODULES = YES;
				CLANG_ENABLE_OBJC_ARC = YES;
				CLANG_ENABLE_OBJC_WEAK = YES;
				CLANG_WARN_BLOCK_CAPTURE_AUTORELEASING = YES;
				CLANG_WARN_BOOL_CONVERSION = YES;
				CLANG_WARN_COMMA = YES;
				CLANG_WARN_CONSTANT_CONVERSION = YES;
				CLANG_WARN_DEPRECATED_OBJC_IMPLEMENTATIONS = YES;
				CLANG_WARN_DIRECT_OBJC_ISA_USAGE = YES_ERROR;
				CLANG_WARN_DOCUMENTATION_COMMENTS = YES;
				CLANG_WARN_EMPTY_BODY = YES;
				CLANG_WARN_ENUM_CONVERSION = YES;
				CLANG_WARN_INFINITE_RECURSION = YES;
				CLANG_WARN_INT_CONVERSION = YES;
				CLANG_WARN_NON_LITERAL_NULL_CONVERSION = YES;
				CLANG_WARN_OBJC_IMPLICIT_RETAIN_SELF = YES;
				CLANG_WARN_OBJC_LITERAL_CONVERSION = YES;
				CLANG_WARN_OBJC_ROOT_CLASS = YES_ERROR;
				CLANG_WARN_QUOTED_INCLUDE_IN_FRAMEWORK_HEADER = YES;
				CLANG_WARN_RANGE_LOOP_ANALYSIS = YES;
				CLANG_WARN_STRICT_PROTOTYPES = YES;
				CLANG_WARN_SUSPICIOUS_MOVE = YES;
				CLANG_WARN_UNGUARDED_AVAILABILITY = YES_AGGRESSIVE;
				CLANG_WARN_UNREACHABLE_CODE = YES;
				CLANG_WARN__DUPLICATE_METHOD_MATCH = YES;
				CODE_SIGN_STYLE = Automatic;
				COPY_PHASE_STRIP = NO;
				CURRENT_PROJECT_VERSION = 1;
				DEBUG_INFORMATION_FORMAT = "dwarf-with-dsym";
				DEVELOPMENT_TEAM = "";
				ENABLE_NS_ASSERTIONS = NO;
				ENABLE_STRICT_OBJC_MSGSEND = YES;
				GCC_C_LANGUAGE_STANDARD = gnu11;
				GCC_NO_COMMON_BLOCKS = YES;
				GCC_WARN_64_TO_32_BIT_CONVERSION = YES;
				GCC_WARN_ABOUT_RETURN_TYPE = YES_ERROR;
				GCC_WARN_UNDECLARED_SELECTOR = YES;
				GCC_WARN_UNINITIALIZED_AUTOS = YES_AGGRESSIVE;
				GCC_WARN_UNUSED_FUNCTION = YES;
				GCC_WARN_UNUSED_VARIABLE = YES;
				GENERATE_INFOPLIST_FILE = NO;
				INFOPLIST_FILE = SleepTune/App/Info.plist;
				IPHONEOS_DEPLOYMENT_TARGET = 26.0;
				MARKETING_VERSION = 0.1.0;
				MTL_ENABLE_DEBUG_INFO = NO;
				MTL_FAST_MATH = YES;
				PRODUCT_BUNDLE_IDENTIFIER = "com.sleep-tune.app";
				PRODUCT_NAME = "$(TARGET_NAME)";
				SDKROOT = iphoneos;
				SWIFT_COMPILATION_MODE = wholemodule;
				SWIFT_OPTIMIZATION_LEVEL = "-O";
				SWIFT_VERSION = 6.2;
			};
			name = Release;
		};
		E2FE09B95C2BC7498B3A3B37 /* Debug */ = {
			isa = XCBuildConfiguration;
			buildSettings = {
				ALWAYS_SEARCH_USER_PATHS = NO;
				CLANG_ANALYZER_NONNULL = YES;
				CLANG_ANALYZER_NUMBER_OBJECT_CONVERSION = YES_AGGRESSIVE;
				CLANG_CXX_LANGUAGE_STANDARD = "gnu++14";
				CLANG_CXX_LIBRARY = "libc++";
				CLANG_ENABLE_MODULES = YES;
				CLANG_ENABLE_OBJC_ARC = YES;
				CLANG_ENABLE_OBJC_WEAK = YES;
				CLANG_WARN_BLOCK_CAPTURE_AUTORELEASING = YES;
				CLANG_WARN_BOOL_CONVERSION = YES;
				CLANG_WARN_COMMA = YES;
				CLANG_WARN_CONSTANT_CONVERSION = YES;
				CLANG_WARN_DEPRECATED_OBJC_IMPLEMENTATIONS = YES;
				CLANG_WARN_DIRECT_OBJC_ISA_USAGE = YES_ERROR;
				CLANG_WARN_DOCUMENTATION_COMMENTS = YES;
				CLANG_WARN_EMPTY_BODY = YES;
				CLANG_WARN_ENUM_CONVERSION = YES;
				CLANG_WARN_INFINITE_RECURSION = YES;
				CLANG_WARN_INT_CONVERSION = YES;
				CLANG_WARN_NON_LITERAL_NULL_CONVERSION = YES;
				CLANG_WARN_OBJC_IMPLICIT_RETAIN_SELF = YES;
				CLANG_WARN_OBJC_LITERAL_CONVERSION = YES;
				CLANG_WARN_OBJC_ROOT_CLASS = YES_ERROR;
				CLANG_WARN_QUOTED_INCLUDE_IN_FRAMEWORK_HEADER = YES;
				CLANG_WARN_RANGE_LOOP_ANALYSIS = YES;
				CLANG_WARN_STRICT_PROTOTYPES = YES;
				CLANG_WARN_SUSPICIOUS_MOVE = YES;
				CLANG_WARN_UNGUARDED_AVAILABILITY = YES_AGGRESSIVE;
				CLANG_WARN_UNREACHABLE_CODE = YES;
				CLANG_WARN__DUPLICATE_METHOD_MATCH = YES;
				CODE_SIGN_STYLE = Automatic;
				COPY_PHASE_STRIP = NO;
				CURRENT_PROJECT_VERSION = 1;
				DEBUG_INFORMATION_FORMAT = dwarf;
				DEVELOPMENT_TEAM = "";
				ENABLE_STRICT_OBJC_MSGSEND = YES;
				ENABLE_TESTABILITY = YES;
				GCC_C_LANGUAGE_STANDARD = gnu11;
				GCC_DYNAMIC_NO_PIC = NO;
				GCC_NO_COMMON_BLOCKS = YES;
				GCC_OPTIMIZATION_LEVEL = 0;
				GCC_PREPROCESSOR_DEFINITIONS = (
					"$(inherited)",
					"DEBUG=1",
				);
				GCC_WARN_64_TO_32_BIT_CONVERSION = YES;
				GCC_WARN_ABOUT_RETURN_TYPE = YES_ERROR;
				GCC_WARN_UNDECLARED_SELECTOR = YES;
				GCC_WARN_UNINITIALIZED_AUTOS = YES_AGGRESSIVE;
				GCC_WARN_UNUSED_FUNCTION = YES;
				GCC_WARN_UNUSED_VARIABLE = YES;
				GENERATE_INFOPLIST_FILE = NO;
				INFOPLIST_FILE = SleepTune/App/Info.plist;
				IPHONEOS_DEPLOYMENT_TARGET = 26.0;
				MARKETING_VERSION = 0.1.0;
				MTL_ENABLE_DEBUG_INFO = INCLUDE_SOURCE;
				MTL_FAST_MATH = YES;
				ONLY_ACTIVE_ARCH = YES;
				PRODUCT_BUNDLE_IDENTIFIER = "com.sleep-tune.app";
				PRODUCT_NAME = "$(TARGET_NAME)";
				SDKROOT = iphoneos;
				SWIFT_ACTIVE_COMPILATION_CONDITIONS = DEBUG;
				SWIFT_OPTIMIZATION_LEVEL = "-Onone";
				SWIFT_VERSION = 6.2;
			};
			name = Debug;
		};
/* End XCBuildConfiguration section */

/* Begin XCConfigurationList section */
		06366C091153EEEE38AD188D /* Build configuration list for PBXProject "SleepTune" */ = {
			isa = XCConfigurationList;
			buildConfigurations = (
				E2FE09B95C2BC7498B3A3B37 /* Debug */,
				A5025D44248B7EFD02F00755 /* Release */,
			);
			defaultConfigurationIsVisible = 0;
			defaultConfigurationName = Debug;
		};
		24444F5434A0119A2EEFB9D9 /* Build configuration list for PBXNativeTarget "SleepTune" */ = {
			isa = XCConfigurationList;
			buildConfigurations = (
				42DF0EA14E00E7D802E8F362 /* Debug */,
				4294025933434753D7B73C39 /* Release */,
			);
			defaultConfigurationIsVisible = 0;
			defaultConfigurationName = Debug;
		};
		B7932BD3A7663FDF92FC5C0F /* Build configuration list for PBXNativeTarget "SleepTuneTests" */ = {
			isa = XCConfigurationList;
			buildConfigurations = (
				402CD1877E6DAC9E6DF1E282 /* Debug */,
				1B74FAC9A3BD91AAB56B1220 /* Release */,
			);
			defaultConfigurationIsVisible = 0;
			defaultConfigurationName = Debug;
		};
/* End XCConfigurationList section */
	};
	rootObject = CC01A07E15AA2F6E3DADE917 /* Project object */;
}
